// !$*UTF8*$!
{
	archiveVersion = 1;
	classes = {
	};
	objectVersion = 50;
	objects = {

/* Begin PBXBuildFile section */
		A6B04EAE27839FC900BD6628 /* AppDelegate.swift in Sources */ = {isa = PBXBuildFile; fileRef = A6B04EAD27839FC900BD6628 /* AppDelegate.swift */; };
		A6B04EB027839FC900BD6628 /* SceneDelegate.swift in Sources */ = {isa = PBXBuildFile; fileRef = A6B04EAF27839FC900BD6628 /* SceneDelegate.swift */; };
		A6B04EB227839FC900BD6628 /* PokemonBattleSceneViewController.swift in Sources */ = {isa = PBXBuildFile; fileRef = A6B04EB127839FC900BD6628 /* PokemonBattleSceneViewController.swift */; };
		A6B04EB727839FC900BD6628 /* Assets.xcassets in Resources */ = {isa = PBXBuildFile; fileRef = A6B04EB627839FC900BD6628 /* Assets.xcassets */; };
		A6B04EC62783A7C400BD6628 /* PokemonBattleSceneView.swift in Sources */ = {isa = PBXBuildFile; fileRef = A6B04EC52783A7C400BD6628 /* PokemonBattleSceneView.swift */; };
		A6B04EC82783BA0E00BD6628 /* PokemonGenerator.swift in Sources */ = {isa = PBXBuildFile; fileRef = A6B04EC72783BA0E00BD6628 /* PokemonGenerator.swift */; };
		A6B04ECA2783BBA600BD6628 /* Structures.swift in Sources */ = {isa = PBXBuildFile; fileRef = A6B04EC92783BBA600BD6628 /* Structures.swift */; };
		A6B04ED927868D3700BD6628 /* PokemonSelectionView.swift in Sources */ = {isa = PBXBuildFile; fileRef = A6B04ED827868D3700BD6628 /* PokemonSelectionView.swift */; };
		A6B04EDB278692E400BD6628 /* LaunchViewController.swift in Sources */ = {isa = PBXBuildFile; fileRef = A6B04EDA278692E400BD6628 /* LaunchViewController.swift */; };
		A6B04EDD2786A65300BD6628 /* PokemonSpriteHelper.swift in Sources */ = {isa = PBXBuildFile; fileRef = A6B04EDC2786A65300BD6628 /* PokemonSpriteHelper.swift */; };
		A6B04EDF2786E0FB00BD6628 /* PokemonBattleOptionsView.swift in Sources */ = {isa = PBXBuildFile; fileRef = A6B04EDE2786E0FB00BD6628 /* PokemonBattleOptionsView.swift */; };
		A6B04EE32786E47900BD6628 /* PokemonBattleView.swift in Sources */ = {isa = PBXBuildFile; fileRef = A6B04EE22786E47900BD6628 /* PokemonBattleView.swift */; };
		A6B04EE52786E5D800BD6628 /* PokemonBattleViewController.swift in Sources */ = {isa = PBXBuildFile; fileRef = A6B04EE42786E5D800BD6628 /* PokemonBattleViewController.swift */; };
		A6B04EEC27892E9200BD6628 /* Battle.swift in Sources */ = {isa = PBXBuildFile; fileRef = A6B04EEB27892E9200BD6628 /* Battle.swift */; };
		A6B04EF0278932AF00BD6628 /* GIFLoader.swift in Sources */ = {isa = PBXBuildFile; fileRef = A6B04EEF278932AF00BD6628 /* GIFLoader.swift */; };
		A6B04EF9278AA09800BD6628 /* PokemonMoveDetails.swift in Sources */ = {isa = PBXBuildFile; fileRef = A6B04EF8278AA09800BD6628 /* PokemonMoveDetails.swift */; };
		A6B04EFB278AA96900BD6628 /* PokemonMoveHelperUX.swift in Sources */ = {isa = PBXBuildFile; fileRef = A6B04EFA278AA96900BD6628 /* PokemonMoveHelperUX.swift */; };
		A6B04EFD278AE4A800BD6628 /* PokemonBattleStatusView.swift in Sources */ = {isa = PBXBuildFile; fileRef = A6B04EFC278AE4A800BD6628 /* PokemonBattleStatusView.swift */; };
		A6B04EFF278B589700BD6628 /* TypeChart.swift in Sources */ = {isa = PBXBuildFile; fileRef = A6B04EFE278B589700BD6628 /* TypeChart.swift */; };
/* End PBXBuildFile section */

/* Begin PBXFileReference section */
		A6B04EAA27839FC900BD6628 /* HOGENT IOS development.app */ = {isa = PBXFileReference; explicitFileType = wrapper.application; includeInIndex = 0; path = "HOGENT IOS development.app"; sourceTree = BUILT_PRODUCTS_DIR; };
		A6B04EAD27839FC900BD6628 /* AppDelegate.swift */ = {isa = PBXFileReference; lastKnownFileType = sourcecode.swift; path = AppDelegate.swift; sourceTree = "<group>"; };
		A6B04EAF27839FC900BD6628 /* SceneDelegate.swift */ = {isa = PBXFileReference; lastKnownFileType = sourcecode.swift; path = SceneDelegate.swift; sourceTree = "<group>"; };
		A6B04EB127839FC900BD6628 /* PokemonBattleSceneViewController.swift */ = {isa = PBXFileReference; lastKnownFileType = sourcecode.swift; path = PokemonBattleSceneViewController.swift; sourceTree = "<group>"; };
		A6B04EB627839FC900BD6628 /* Assets.xcassets */ = {isa = PBXFileReference; lastKnownFileType = folder.assetcatalog; path = Assets.xcassets; sourceTree = "<group>"; };
		A6B04EBB27839FC900BD6628 /* Info.plist */ = {isa = PBXFileReference; lastKnownFileType = text.plist.xml; path = Info.plist; sourceTree = "<group>"; };
		A6B04EC52783A7C400BD6628 /* PokemonBattleSceneView.swift */ = {isa = PBXFileReference; lastKnownFileType = sourcecode.swift; path = PokemonBattleSceneView.swift; sourceTree = "<group>"; };
		A6B04EC72783BA0E00BD6628 /* PokemonGenerator.swift */ = {isa = PBXFileReference; lastKnownFileType = sourcecode.swift; path = PokemonGenerator.swift; sourceTree = "<group>"; };
		A6B04EC92783BBA600BD6628 /* Structures.swift */ = {isa = PBXFileReference; lastKnownFileType = sourcecode.swift; path = Structures.swift; sourceTree = "<group>"; };
		A6B04ED827868D3700BD6628 /* PokemonSelectionView.swift */ = {isa = PBXFileReference; lastKnownFileType = sourcecode.swift; path = PokemonSelectionView.swift; sourceTree = "<group>"; };
		A6B04EDA278692E400BD6628 /* LaunchViewController.swift */ = {isa = PBXFileReference; lastKnownFileType = sourcecode.swift; path = LaunchViewController.swift; sourceTree = "<group>"; };
		A6B04EDC2786A65300BD6628 /* PokemonSpriteHelper.swift */ = {isa = PBXFileReference; lastKnownFileType = sourcecode.swift; path = PokemonSpriteHelper.swift; sourceTree = "<group>"; };
		A6B04EDE2786E0FB00BD6628 /* PokemonBattleOptionsView.swift */ = {isa = PBXFileReference; lastKnownFileType = sourcecode.swift; path = PokemonBattleOptionsView.swift; sourceTree = "<group>"; };
		A6B04EE22786E47900BD6628 /* PokemonBattleView.swift */ = {isa = PBXFileReference; lastKnownFileType = sourcecode.swift; path = PokemonBattleView.swift; sourceTree = "<group>"; };
		A6B04EE42786E5D800BD6628 /* PokemonBattleViewController.swift */ = {isa = PBXFileReference; lastKnownFileType = sourcecode.swift; path = PokemonBattleViewController.swift; sourceTree = "<group>"; };
		A6B04EEB27892E9200BD6628 /* Battle.swift */ = {isa = PBXFileReference; lastKnownFileType = sourcecode.swift; path = Battle.swift; sourceTree = "<group>"; };
		A6B04EEF278932AF00BD6628 /* GIFLoader.swift */ = {isa = PBXFileReference; lastKnownFileType = sourcecode.swift; path = GIFLoader.swift; sourceTree = "<group>"; };
		A6B04EF8278AA09800BD6628 /* PokemonMoveDetails.swift */ = {isa = PBXFileReference; lastKnownFileType = sourcecode.swift; path = PokemonMoveDetails.swift; sourceTree = "<group>"; };
		A6B04EFA278AA96900BD6628 /* PokemonMoveHelperUX.swift */ = {isa = PBXFileReference; lastKnownFileType = sourcecode.swift; path = PokemonMoveHelperUX.swift; sourceTree = "<group>"; };
		A6B04EFC278AE4A800BD6628 /* PokemonBattleStatusView.swift */ = {isa = PBXFileReference; lastKnownFileType = sourcecode.swift; path = PokemonBattleStatusView.swift; sourceTree = "<group>"; };
		A6B04EFE278B589700BD6628 /* TypeChart.swift */ = {isa = PBXFileReference; lastKnownFileType = sourcecode.swift; path = TypeChart.swift; sourceTree = "<group>"; };
/* End PBXFileReference section */

/* Begin PBXFrameworksBuildPhase section */
		A6B04EA727839FC900BD6628 /* Frameworks */ = {
			isa = PBXFrameworksBuildPhase;
			buildActionMask = 2147483647;
			files = (
			);
			runOnlyForDeploymentPostprocessing = 0;
		};
/* End PBXFrameworksBuildPhase section */

/* Begin PBXGroup section */
		A6B04EA127839FC900BD6628 = {
			isa = PBXGroup;
			children = (
				A6B04EAC27839FC900BD6628 /* HOGENT IOS development */,
				A6B04EAB27839FC900BD6628 /* Products */,
			);
			sourceTree = "<group>";
		};
		A6B04EAB27839FC900BD6628 /* Products */ = {
			isa = PBXGroup;
			children = (
				A6B04EAA27839FC900BD6628 /* HOGENT IOS development.app */,
			);
			name = Products;
			sourceTree = "<group>";
		};
		A6B04EAC27839FC900BD6628 /* HOGENT IOS development */ = {
			isa = PBXGroup;
			children = (
				A6B04EED2789328B00BD6628 /* Extensions */,
				A6B04ED12786612E00BD6628 /* Helper */,
				A6B04ED027865EF100BD6628 /* Controller */,
				A6B04ECF27865EE700BD6628 /* View */,
				A6B04ECE27865EDF00BD6628 /* Model */,
				A6B04EAD27839FC900BD6628 /* AppDelegate.swift */,
				A6B04EAF27839FC900BD6628 /* SceneDelegate.swift */,
				A6B04EB627839FC900BD6628 /* Assets.xcassets */,
				A6B04EBB27839FC900BD6628 /* Info.plist */,
			);
			path = "HOGENT IOS development";
			sourceTree = "<group>";
		};
		A6B04ECE27865EDF00BD6628 /* Model */ = {
			isa = PBXGroup;
			children = (
				A6B04EC92783BBA600BD6628 /* Structures.swift */,
				A6B04EEB27892E9200BD6628 /* Battle.swift */,
				A6B04EFE278B589700BD6628 /* TypeChart.swift */,
			);
			path = Model;
			sourceTree = "<group>";
		};
		A6B04ECF27865EE700BD6628 /* View */ = {
			isa = PBXGroup;
			children = (
				A6B04EE62787BF1700BD6628 /* PokemonBattleView */,
				A6B04ED827868D3700BD6628 /* PokemonSelectionView.swift */,
				A6B04EE22786E47900BD6628 /* PokemonBattleView.swift */,
			);
			path = View;
			sourceTree = "<group>";
		};
		A6B04ED027865EF100BD6628 /* Controller */ = {
			isa = PBXGroup;
			children = (
				A6B04EB127839FC900BD6628 /* PokemonBattleSceneViewController.swift */,
				A6B04EDA278692E400BD6628 /* LaunchViewController.swift */,
				A6B04EE42786E5D800BD6628 /* PokemonBattleViewController.swift */,
			);
			path = Controller;
			sourceTree = "<group>";
		};
		A6B04ED12786612E00BD6628 /* Helper */ = {
			isa = PBXGroup;
			children = (
				A6B04EC72783BA0E00BD6628 /* PokemonGenerator.swift */,
				A6B04EDC2786A65300BD6628 /* PokemonSpriteHelper.swift */,
				A6B04EF8278AA09800BD6628 /* PokemonMoveDetails.swift */,
				A6B04EFA278AA96900BD6628 /* PokemonMoveHelperUX.swift */,
			);
			path = Helper;
			sourceTree = "<group>";
		};
		A6B04EE62787BF1700BD6628 /* PokemonBattleView */ = {
			isa = PBXGroup;
			children = (
				A6B04EC52783A7C400BD6628 /* PokemonBattleSceneView.swift */,
				A6B04EDE2786E0FB00BD6628 /* PokemonBattleOptionsView.swift */,
				A6B04EFC278AE4A800BD6628 /* PokemonBattleStatusView.swift */,
			);
			path = PokemonBattleView;
			sourceTree = "<group>";
		};
		A6B04EED2789328B00BD6628 /* Extensions */ = {
			isa = PBXGroup;
			children = (
				A6B04EEE2789329300BD6628 /* External Extensions */,
			);
			path = Extensions;
			sourceTree = "<group>";
		};
		A6B04EEE2789329300BD6628 /* External Extensions */ = {
			isa = PBXGroup;
			children = (
				A6B04EEF278932AF00BD6628 /* GIFLoader.swift */,
			);
			path = "External Extensions";
			sourceTree = "<group>";
		};
/* End PBXGroup section */

/* Begin PBXNativeTarget section */
		A6B04EA927839FC900BD6628 /* HOGENT IOS development */ = {
			isa = PBXNativeTarget;
			buildConfigurationList = A6B04EBE27839FC900BD6628 /* Build configuration list for PBXNativeTarget "HOGENT IOS development" */;
			buildPhases = (
				A6B04EA627839FC900BD6628 /* Sources */,
				A6B04EA727839FC900BD6628 /* Frameworks */,
				A6B04EA827839FC900BD6628 /* Resources */,
			);
			buildRules = (
			);
			dependencies = (
			);
			name = "HOGENT IOS development";
			productName = "HOGENT IOS development";
			productReference = A6B04EAA27839FC900BD6628 /* HOGENT IOS development.app */;
			productType = "com.apple.product-type.application";
		};
/* End PBXNativeTarget section */

/* Begin PBXProject section */
		A6B04EA227839FC900BD6628 /* Project object */ = {
			isa = PBXProject;
			attributes = {
				LastSwiftUpdateCheck = 1150;
				LastUpgradeCheck = 1150;
				ORGANIZATIONNAME = LaurensVB;
				TargetAttributes = {
					A6B04EA927839FC900BD6628 = {
						CreatedOnToolsVersion = 11.5;
					};
				};
			};
			buildConfigurationList = A6B04EA527839FC900BD6628 /* Build configuration list for PBXProject "HOGENT IOS development" */;
			compatibilityVersion = "Xcode 9.3";
			developmentRegion = en;
			hasScannedForEncodings = 0;
			knownRegions = (
				en,
				Base,
			);
			mainGroup = A6B04EA127839FC900BD6628;
			productRefGroup = A6B04EAB27839FC900BD6628 /* Products */;
			projectDirPath = "";
			projectRoot = "";
			targets = (
				A6B04EA927839FC900BD6628 /* HOGENT IOS development */,
			);
		};
/* End PBXProject section */

/* Begin PBXResourcesBuildPhase section */
		A6B04EA827839FC900BD6628 /* Resources */ = {
			isa = PBXResourcesBuildPhase;
			buildActionMask = 2147483647;
			files = (
				A6B04EB727839FC900BD6628 /* Assets.xcassets in Resources */,
			);
			runOnlyForDeploymentPostprocessing = 0;
		};
/* End PBXResourcesBuildPhase section */

/* Begin PBXSourcesBuildPhase section */
		A6B04EA627839FC900BD6628 /* Sources */ = {
			isa = PBXSourcesBuildPhase;
			buildActionMask = 2147483647;
			files = (
				A6B04EC82783BA0E00BD6628 /* PokemonGenerator.swift in Sources */,
				A6B04EE52786E5D800BD6628 /* PokemonBattleViewController.swift in Sources */,
				A6B04ED927868D3700BD6628 /* PokemonSelectionView.swift in Sources */,
				A6B04EF0278932AF00BD6628 /* GIFLoader.swift in Sources */,
				A6B04EFF278B589700BD6628 /* TypeChart.swift in Sources */,
				A6B04ECA2783BBA600BD6628 /* Structures.swift in Sources */,
				A6B04EC62783A7C400BD6628 /* PokemonBattleSceneView.swift in Sources */,
				A6B04EDB278692E400BD6628 /* LaunchViewController.swift in Sources */,
				A6B04EB227839FC900BD6628 /* PokemonBattleSceneViewController.swift in Sources */,
				A6B04EFD278AE4A800BD6628 /* PokemonBattleStatusView.swift in Sources */,
				A6B04EF9278AA09800BD6628 /* PokemonMoveDetails.swift in Sources */,
				A6B04EEC27892E9200BD6628 /* Battle.swift in Sources */,
				A6B04EAE27839FC900BD6628 /* AppDelegate.swift in Sources */,
				A6B04EDD2786A65300BD6628 /* PokemonSpriteHelper.swift in Sources */,
				A6B04EE32786E47900BD6628 /* PokemonBattleView.swift in Sources */,
				A6B04EFB278AA96900BD6628 /* PokemonMoveHelperUX.swift in Sources */,
				A6B04EDF2786E0FB00BD6628 /* PokemonBattleOptionsView.swift in Sources */,
				A6B04EB027839FC900BD6628 /* SceneDelegate.swift in Sources */,
			);
			runOnlyForDeploymentPostprocessing = 0;
		};
/* End PBXSourcesBuildPhase section */

/* Begin XCBuildConfiguration section */
		A6B04EBC27839FC900BD6628 /* Debug */ = {
			isa = XCBuildConfiguration;
			buildSettings = {
				ALWAYS_SEARCH_USER_PATHS = NO;
				CLANG_ANALYZER_NONNULL = YES;
				CLANG_ANALYZER_NUMBER_OBJECT_CONVERSION = YES_AGGRESSIVE;
				CLANG_CXX_LANGUAGE_STANDARD = "gnu++14";
				CLANG_CXX_LIBRARY = "libc++";
				CLANG_ENABLE_MODULES = YES;
				CLANG_ENABLE_OBJC_ARC = YES;
				CLANG_ENABLE_OBJC_WEAK = YES;
				CLANG_WARN_BLOCK_CAPTURE_AUTORELEASING = YES;
				CLANG_WARN_BOOL_CONVERSION = YES;
				CLANG_WARN_COMMA = YES;
				CLANG_WARN_CONSTANT_CONVERSION = YES;
				CLANG_WARN_DEPRECATED_OBJC_IMPLEMENTATIONS = YES;
				CLANG_WARN_DIRECT_OBJC_ISA_USAGE = YES_ERROR;
				CLANG_WARN_DOCUMENTATION_COMMENTS = YES;
				CLANG_WARN_EMPTY_BODY = YES;
				CLANG_WARN_ENUM_CONVERSION = YES;
				CLANG_WARN_INFINITE_RECURSION = YES;
				CLANG_WARN_INT_CONVERSION = YES;
				CLANG_WARN_NON_LITERAL_NULL_CONVERSION = YES;
				CLANG_WARN_OBJC_IMPLICIT_RETAIN_SELF = YES;
				CLANG_WARN_OBJC_LITERAL_CONVERSION = YES;
				CLANG_WARN_OBJC_ROOT_CLASS = YES_ERROR;
				CLANG_WARN_RANGE_LOOP_ANALYSIS = YES;
				CLANG_WARN_STRICT_PROTOTYPES = YES;
				CLANG_WARN_SUSPICIOUS_MOVE = YES;
				CLANG_WARN_UNGUARDED_AVAILABILITY = YES_AGGRESSIVE;
				CLANG_WARN_UNREACHABLE_CODE = YES;
				CLANG_WARN__DUPLICATE_METHOD_MATCH = YES;
				COPY_PHASE_STRIP = NO;
				DEBUG_INFORMATION_FORMAT = dwarf;
				ENABLE_STRICT_OBJC_MSGSEND = YES;
				ENABLE_TESTABILITY = YES;
				GCC_C_LANGUAGE_STANDARD = gnu11;
				GCC_DYNAMIC_NO_PIC = NO;
				GCC_NO_COMMON_BLOCKS = YES;
				GCC_OPTIMIZATION_LEVEL = 0;
				GCC_PREPROCESSOR_DEFINITIONS = (
					"DEBUG=1",
					"$(inherited)",
				);
				GCC_WARN_64_TO_32_BIT_CONVERSION = YES;
				GCC_WARN_ABOUT_RETURN_TYPE = YES_ERROR;
				GCC_WARN_UNDECLARED_SELECTOR = YES;
				GCC_WARN_UNINITIALIZED_AUTOS = YES_AGGRESSIVE;
				GCC_WARN_UNUSED_FUNCTION = YES;
				GCC_WARN_UNUSED_VARIABLE = YES;
				IPHONEOS_DEPLOYMENT_TARGET = 13.5;
				MTL_ENABLE_DEBUG_INFO = INCLUDE_SOURCE;
				MTL_FAST_MATH = YES;
				ONLY_ACTIVE_ARCH = YES;
				SDKROOT = iphoneos;
				SWIFT_ACTIVE_COMPILATION_CONDITIONS = DEBUG;
				SWIFT_OPTIMIZATION_LEVEL = "-Onone";
			};
			name = Debug;
		};
		A6B04EBD27839FC900BD6628 /* Release */ = {
			isa = XCBuildConfiguration;
			buildSettings = {
				ALWAYS_SEARCH_USER_PATHS = NO;
				CLANG_ANALYZER_NONNULL = YES;
				CLANG_ANALYZER_NUMBER_OBJECT_CONVERSION = YES_AGGRESSIVE;
				CLANG_CXX_LANGUAGE_STANDARD = "gnu++14";
				CLANG_CXX_LIBRARY = "libc++";
				CLANG_ENABLE_MODULES = YES;
				CLANG_ENABLE_OBJC_ARC = YES;
				CLANG_ENABLE_OBJC_WEAK = YES;
				CLANG_WARN_BLOCK_CAPTURE_AUTORELEASING = YES;
				CLANG_WARN_BOOL_CONVERSION = YES;
				CLANG_WARN_COMMA = YES;
				CLANG_WARN_CONSTANT_CONVERSION = YES;
				CLANG_WARN_DEPRECATED_OBJC_IMPLEMENTATIONS = YES;
				CLANG_WARN_DIRECT_OBJC_ISA_USAGE = YES_ERROR;
				CLANG_WARN_DOCUMENTATION_COMMENTS = YES;
				CLANG_WARN_EMPTY_BODY = YES;
				CLANG_WARN_ENUM_CONVERSION = YES;
				CLANG_WARN_INFINITE_RECURSION = YES;
				CLANG_WARN_INT_CONVERSION = YES;
				CLANG_WARN_NON_LITERAL_NULL_CONVERSION = YES;
				CLANG_WARN_OBJC_IMPLICIT_RETAIN_SELF = YES;
				CLANG_WARN_OBJC_LITERAL_CONVERSION = YES;
				CLANG_WARN_OBJC_ROOT_CLASS = YES_ERROR;
				CLANG_WARN_RANGE_LOOP_ANALYSIS = YES;
				CLANG_WARN_STRICT_PROTOTYPES = YES;
				CLANG_WARN_SUSPICIOUS_MOVE = YES;
				CLANG_WARN_UNGUARDED_AVAILABILITY = YES_AGGRESSIVE;
				CLANG_WARN_UNREACHABLE_CODE = YES;
				CLANG_WARN__DUPLICATE_METHOD_MATCH = YES;
				COPY_PHASE_STRIP = NO;
				DEBUG_INFORMATION_FORMAT = "dwarf-with-dsym";
				ENABLE_NS_ASSERTIONS = NO;
				ENABLE_STRICT_OBJC_MSGSEND = YES;
				GCC_C_LANGUAGE_STANDARD = gnu11;
				GCC_NO_COMMON_BLOCKS = YES;
				GCC_WARN_64_TO_32_BIT_CONVERSION = YES;
				GCC_WARN_ABOUT_RETURN_TYPE = YES_ERROR;
				GCC_WARN_UNDECLARED_SELECTOR = YES;
				GCC_WARN_UNINITIALIZED_AUTOS = YES_AGGRESSIVE;
				GCC_WARN_UNUSED_FUNCTION = YES;
				GCC_WARN_UNUSED_VARIABLE = YES;
				IPHONEOS_DEPLOYMENT_TARGET = 13.5;
				MTL_ENABLE_DEBUG_INFO = NO;
				MTL_FAST_MATH = YES;
				SDKROOT = iphoneos;
				SWIFT_COMPILATION_MODE = wholemodule;
				SWIFT_OPTIMIZATION_LEVEL = "-O";
				VALIDATE_PRODUCT = YES;
			};
			name = Release;
		};
		A6B04EBF27839FC900BD6628 /* Debug */ = {
			isa = XCBuildConfiguration;
			buildSettings = {
				ASSETCATALOG_COMPILER_APPICON_NAME = AppIcon;
				CODE_SIGN_STYLE = Automatic;
				INFOPLIST_FILE = "HOGENT IOS development/Info.plist";
				LD_RUNPATH_SEARCH_PATHS = (
					"$(inherited)",
					"@executable_path/Frameworks",
				);
				PRODUCT_BUNDLE_IDENTIFIER = "HOGENT.HOGENT-IOS-development";
				PRODUCT_NAME = "$(TARGET_NAME)";
				SWIFT_VERSION = 5.0;
				TARGETED_DEVICE_FAMILY = "1,2";
			};
			name = Debug;
		};
		A6B04EC027839FC900BD6628 /* Release */ = {
			isa = XCBuildConfiguration;
			buildSettings = {
				ASSETCATALOG_COMPILER_APPICON_NAME = AppIcon;
				CODE_SIGN_STYLE = Automatic;
				INFOPLIST_FILE = "HOGENT IOS development/Info.plist";
				LD_RUNPATH_SEARCH_PATHS = (
					"$(inherited)",
					"@executable_path/Frameworks",
				);
				PRODUCT_BUNDLE_IDENTIFIER = "HOGENT.HOGENT-IOS-development";
				PRODUCT_NAME = "$(TARGET_NAME)";
				SWIFT_VERSION = 5.0;
				TARGETED_DEVICE_FAMILY = "1,2";
			};
			name = Release;
		};
/* End XCBuildConfiguration section */

/* Begin XCConfigurationList section */
		A6B04EA527839FC900BD6628 /* Build configuration list for PBXProject "HOGENT IOS development" */ = {
			isa = XCConfigurationList;
			buildConfigurations = (
				A6B04EBC27839FC900BD6628 /* Debug */,
				A6B04EBD27839FC900BD6628 /* Release */,
			);
			defaultConfigurationIsVisible = 0;
			defaultConfigurationName = Release;
		};
		A6B04EBE27839FC900BD6628 /* Build configuration list for PBXNativeTarget "HOGENT IOS development" */ = {
			isa = XCConfigurationList;
			buildConfigurations = (
				A6B04EBF27839FC900BD6628 /* Debug */,
				A6B04EC027839FC900BD6628 /* Release */,
			);
			defaultConfigurationIsVisible = 0;
			defaultConfigurationName = Release;
		};
/* End XCConfigurationList section */
	};
	rootObject = A6B04EA227839FC900BD6628 /* Project object */;
}
